# Lockfile v4
# This file is automatically generated by Wapm.
# It is not intended for manual editing. The schema of this file may change.
[modules."huhn/hello-wasm"."0.0.3".hello_wasm]
name = "hello_wasm"
package_version = "0.0.3"
package_name = "huhn/hello-wasm"
package_path = "huhn/hello-wasm@0.0.3"
resolved = "local"
resolved_source = "local"
abi = "wasi"
source = "./target/wasm32-wasi/release/main.wasm"
[commands.greet]
name = "greet"
package_name = "huhn/hello-wasm"
package_version = "0.0.3"
module = "hello_wasm"
is_top_level_dependency = true
